
Microsoft Visual Studio Solution File, Format Version 12.00
# Visual Studio Version 17
VisualStudioVersion = 17.5.002.0
MinimumVisualStudioVersion = 10.0.40219.1
Project("{2150E333-8FDC-42A3-9474-1A3956D46DE8}") = "src", "src", "{6E37DAFE-354C-421E-A9E1-2413E8B8E7A9}"
EndProject
Project("{9A19103F-16F7-4668-BE54-9A1E7A4F7556}") = "WinAutoGuiLib", "src\WinAutoGuiLib\WinAutoGuiLib.csproj", "{0C5472F8-D367-45A8-BE5D-E8332C529F9A}"
EndProject
Global
	GlobalSection(SolutionConfigurationPlatforms) = preSolution
		Debug|Any CPU = Debug|Any CPU
		Release|Any CPU = Release|Any CPU
	EndGlobalSection
	GlobalSection(ProjectConfigurationPlatforms) = postSolution
		{0C5472F8-D367-45A8-BE5D-E8332C529F9A}.Debug|Any CPU.ActiveCfg = Debug|Any CPU
		{0C5472F8-D367-45A8-BE5D-E8332C529F9A}.Debug|Any CPU.Build.0 = Debug|Any CPU
		{0C5472F8-D367-45A8-BE5D-E8332C529F9A}.Release|Any CPU.ActiveCfg = Release|Any CPU
		{0C5472F8-D367-45A8-BE5D-E8332C529F9A}.Release|Any CPU.Build.0 = Release|Any CPU
	EndGlobalSection
	GlobalSection(SolutionProperties) = preSolution
		HideSolutionNode = FALSE
	EndGlobalSection
	GlobalSection(NestedProjects) = preSolution
		{0C5472F8-D367-45A8-BE5D-E8332C529F9A} = {6E37DAFE-354C-421E-A9E1-2413E8B8E7A9}
	EndGlobalSection
	GlobalSection(ExtensibilityGlobals) = postSolution
		SolutionGuid = {7C422DB4-F6F0-4EB4-9EF4-0EA7349D2202}
	EndGlobalSection
EndGlobal
