
Microsoft Visual Studio Solution File, Format Version 12.00
# Visual Studio Version 17
VisualStudioVersion = 17.5.002.0
MinimumVisualStudioVersion = 10.0.40219.1
Project("{2150E333-8FDC-42A3-9474-1A3956D46DE8}") = "src", "src", "{5DFC420A-4869-4DC6-AF4B-7CB9CDCBC06F}"
EndProject
Project("{9A19103F-16F7-4668-BE54-9A1E7A4F7556}") = "CalcTest", "src\CalcTestLib\CalcTestLib.csproj", "{C74CF081-A58E-4A50-9F83-F7D993A5FDEB}"
EndProject
Global
	GlobalSection(SolutionConfigurationPlatforms) = preSolution
		Debug|Any CPU = Debug|Any CPU
		Release|Any CPU = Release|Any CPU
	EndGlobalSection
	GlobalSection(ProjectConfigurationPlatforms) = postSolution
		{C74CF081-A58E-4A50-9F83-F7D993A5FDEB}.Debug|Any CPU.ActiveCfg = Debug|Any CPU
		{C74CF081-A58E-4A50-9F83-F7D993A5FDEB}.Debug|Any CPU.Build.0 = Debug|Any CPU
		{C74CF081-A58E-4A50-9F83-F7D993A5FDEB}.Release|Any CPU.ActiveCfg = Release|Any CPU
		{C74CF081-A58E-4A50-9F83-F7D993A5FDEB}.Release|Any CPU.Build.0 = Release|Any CPU
	EndGlobalSection
	GlobalSection(SolutionProperties) = preSolution
		HideSolutionNode = FALSE
	EndGlobalSection
	GlobalSection(NestedProjects) = preSolution
		{C74CF081-A58E-4A50-9F83-F7D993A5FDEB} = {5DFC420A-4869-4DC6-AF4B-7CB9CDCBC06F}
	EndGlobalSection
	GlobalSection(ExtensibilityGlobals) = postSolution
		SolutionGuid = {4AB9C8D8-AFCA-4B14-A784-B69CED7D50ED}
	EndGlobalSection
EndGlobal
